
Microsoft Visual Studio Solution File, Format Version 12.00
# Visual Studio 2013
VisualStudioVersion = 12.0.30723.0
MinimumVisualStudioVersion = 10.0.40219.1
Project("{FAE04EC0-301F-11D3-BF4B-00C04F79EFBC}") = "GestureSign", "GestureSign\GestureSign.csproj", "{B9A2BC20-B457-4B39-AE1B-274FA961E346}"
	ProjectSection(ProjectDependencies) = postProject
		{60070AF1-C987-4C5B-AFD1-B9DFAF47E35C} = {60070AF1-C987-4C5B-AFD1-B9DFAF47E35C}
	EndProjectSection
EndProject
Project("{FAE04EC0-301F-11D3-BF4B-00C04F79EFBC}") = "ManagedWinapi", "ManagedWinapi\ManagedWinapi.csproj", "{FBD3EC1E-47E2-4D2D-81C9-D6506125A09A}"
EndProject
Project("{FAE04EC0-301F-11D3-BF4B-00C04F79EFBC}") = "GestureSign.PointPatterns", "GestureSign.PointPatterns\GestureSign.PointPatterns.csproj", "{69F91BD1-6986-4079-9537-ED1A1D8EBE06}"
EndProject
Project("{FAE04EC0-301F-11D3-BF4B-00C04F79EFBC}") = "GestureSign.CorePlugins", "GestureSign.CorePlugins\GestureSign.CorePlugins.csproj", "{60070AF1-C987-4C5B-AFD1-B9DFAF47E35C}"
EndProject
Project("{FAE04EC0-301F-11D3-BF4B-00C04F79EFBC}") = "GestureSign.Common", "GestureSign.Common\GestureSign.Common.csproj", "{038047A4-E3F8-4B49-9762-7F63971B8319}"
EndProject
Project("{FAE04EC0-301F-11D3-BF4B-00C04F79EFBC}") = "GestureSignDaemon", "GestureSignDaemon\GestureSignDaemon.csproj", "{9DAFB30D-A24B-4A0F-8C72-49FC3142DA6B}"
	ProjectSection(ProjectDependencies) = postProject
		{FBD3EC1E-47E2-4D2D-81C9-D6506125A09A} = {FBD3EC1E-47E2-4D2D-81C9-D6506125A09A}
		{038047A4-E3F8-4B49-9762-7F63971B8319} = {038047A4-E3F8-4B49-9762-7F63971B8319}
		{69F91BD1-6986-4079-9537-ED1A1D8EBE06} = {69F91BD1-6986-4079-9537-ED1A1D8EBE06}
		{60070AF1-C987-4C5B-AFD1-B9DFAF47E35C} = {60070AF1-C987-4C5B-AFD1-B9DFAF47E35C}
	EndProjectSection
EndProject
Project("{FAE04EC0-301F-11D3-BF4B-00C04F79EFBC}") = "CertificateManager", "CertificateManager\CertificateManager.csproj", "{2BDCD22F-D982-44BB-9C69-BA2E0D2445CC}"
EndProject
Global
	GlobalSection(SolutionConfigurationPlatforms) = preSolution
		Debug|Any CPU = Debug|Any CPU
		Release|Any CPU = Release|Any CPU
	EndGlobalSection
	GlobalSection(ProjectConfigurationPlatforms) = postSolution
		{B9A2BC20-B457-4B39-AE1B-274FA961E346}.Debug|Any CPU.ActiveCfg = Debug|x86
		{B9A2BC20-B457-4B39-AE1B-274FA961E346}.Debug|Any CPU.Build.0 = Debug|x86
		{B9A2BC20-B457-4B39-AE1B-274FA961E346}.Release|Any CPU.ActiveCfg = Release|Any CPU
		{B9A2BC20-B457-4B39-AE1B-274FA961E346}.Release|Any CPU.Build.0 = Release|Any CPU
		{FBD3EC1E-47E2-4D2D-81C9-D6506125A09A}.Debug|Any CPU.ActiveCfg = Debug|x86
		{FBD3EC1E-47E2-4D2D-81C9-D6506125A09A}.Debug|Any CPU.Build.0 = Debug|x86
		{FBD3EC1E-47E2-4D2D-81C9-D6506125A09A}.Release|Any CPU.ActiveCfg = Release|Any CPU
		{FBD3EC1E-47E2-4D2D-81C9-D6506125A09A}.Release|Any CPU.Build.0 = Release|Any CPU
		{69F91BD1-6986-4079-9537-ED1A1D8EBE06}.Debug|Any CPU.ActiveCfg = Debug|x86
		{69F91BD1-6986-4079-9537-ED1A1D8EBE06}.Debug|Any CPU.Build.0 = Debug|x86
		{69F91BD1-6986-4079-9537-ED1A1D8EBE06}.Release|Any CPU.ActiveCfg = Release|Any CPU
		{69F91BD1-6986-4079-9537-ED1A1D8EBE06}.Release|Any CPU.Build.0 = Release|Any CPU
		{60070AF1-C987-4C5B-AFD1-B9DFAF47E35C}.Debug|Any CPU.ActiveCfg = Debug|x86
		{60070AF1-C987-4C5B-AFD1-B9DFAF47E35C}.Debug|Any CPU.Build.0 = Debug|x86
		{60070AF1-C987-4C5B-AFD1-B9DFAF47E35C}.Release|Any CPU.ActiveCfg = Release|Any CPU
		{60070AF1-C987-4C5B-AFD1-B9DFAF47E35C}.Release|Any CPU.Build.0 = Release|Any CPU
		{038047A4-E3F8-4B49-9762-7F63971B8319}.Debug|Any CPU.ActiveCfg = Debug|x86
		{038047A4-E3F8-4B49-9762-7F63971B8319}.Debug|Any CPU.Build.0 = Debug|x86
		{038047A4-E3F8-4B49-9762-7F63971B8319}.Release|Any CPU.ActiveCfg = Release|Any CPU
		{038047A4-E3F8-4B49-9762-7F63971B8319}.Release|Any CPU.Build.0 = Release|Any CPU
		{9DAFB30D-A24B-4A0F-8C72-49FC3142DA6B}.Debug|Any CPU.ActiveCfg = Debug|Any CPU
		{9DAFB30D-A24B-4A0F-8C72-49FC3142DA6B}.Debug|Any CPU.Build.0 = Debug|Any CPU
		{9DAFB30D-A24B-4A0F-8C72-49FC3142DA6B}.Release|Any CPU.ActiveCfg = Release|Any CPU
		{9DAFB30D-A24B-4A0F-8C72-49FC3142DA6B}.Release|Any CPU.Build.0 = Release|Any CPU
		{2BDCD22F-D982-44BB-9C69-BA2E0D2445CC}.Debug|Any CPU.ActiveCfg = Debug|Any CPU
		{2BDCD22F-D982-44BB-9C69-BA2E0D2445CC}.Debug|Any CPU.Build.0 = Debug|Any CPU
		{2BDCD22F-D982-44BB-9C69-BA2E0D2445CC}.Release|Any CPU.ActiveCfg = Release|Any CPU
		{2BDCD22F-D982-44BB-9C69-BA2E0D2445CC}.Release|Any CPU.Build.0 = Release|Any CPU
	EndGlobalSection
	GlobalSection(SolutionProperties) = preSolution
		HideSolutionNode = FALSE
	EndGlobalSection
EndGlobal
